
Microsoft Visual Studio Solution File, Format Version 12.00
# Visual Studio Version 17
VisualStudioVersion = 17.5.002.0
MinimumVisualStudioVersion = 10.0.40219.1
Project("{2150E333-8FDC-42A3-9474-1A3956D46DE8}") = "dotnet", "dotnet", "{7C94F774-E07E-480D-B38A-809210B68837}"
EndProject
Project("{9A19103F-16F7-4668-BE54-9A1E7A4F7556}") = "DynamicArray", "dotnet\DynamicArray\DynamicArray.csproj", "{22FA42A8-FC37-448D-A9A9-B7057D7C8438}"
EndProject
Global
	GlobalSection(SolutionConfigurationPlatforms) = preSolution
		Debug|Any CPU = Debug|Any CPU
		Release|Any CPU = Release|Any CPU
	EndGlobalSection
	GlobalSection(ProjectConfigurationPlatforms) = postSolution
		{22FA42A8-FC37-448D-A9A9-B7057D7C8438}.Debug|Any CPU.ActiveCfg = Debug|Any CPU
		{22FA42A8-FC37-448D-A9A9-B7057D7C8438}.Debug|Any CPU.Build.0 = Debug|Any CPU
		{22FA42A8-FC37-448D-A9A9-B7057D7C8438}.Release|Any CPU.ActiveCfg = Release|Any CPU
		{22FA42A8-FC37-448D-A9A9-B7057D7C8438}.Release|Any CPU.Build.0 = Release|Any CPU
	EndGlobalSection
	GlobalSection(SolutionProperties) = preSolution
		HideSolutionNode = FALSE
	EndGlobalSection
	GlobalSection(NestedProjects) = preSolution
		{22FA42A8-FC37-448D-A9A9-B7057D7C8438} = {7C94F774-E07E-480D-B38A-809210B68837}
	EndGlobalSection
	GlobalSection(ExtensibilityGlobals) = postSolution
		SolutionGuid = {097959F3-D999-4428-BE08-477BFD7A5EBF}
	EndGlobalSection
EndGlobal
